// !$*UTF8*$!
{
	archiveVersion = 1;
	classes = {
	};
	objectVersion = 77;
	objects = {

/* Begin PBXContainerItemProxy section */
		05D08AB02ED247CB00011453 /* PBXContainerItemProxy */ = {
			isa = PBXContainerItemProxy;
			containerPortal = 05D08A972ED247C700011453 /* Project object */;
			proxyType = 1;
			remoteGlobalIDString = 05D08A9E2ED247C700011453;
			remoteInfo = RaidCalculator2;
		};
		05D08ABA2ED247CB00011453 /* PBXContainerItemProxy */ = {
			isa = PBXContainerItemProxy;
			containerPortal = 05D08A972ED247C700011453 /* Project object */;
			proxyType = 1;
			remoteGlobalIDString = 05D08A9E2ED247C700011453;
			remoteInfo = RaidCalculator2;
		};
/* End PBXContainerItemProxy section */

/* Begin PBXFileReference section */
		05D08A9F2ED247C700011453 /* RAID Calc.app */ = {isa = PBXFileReference; explicitFileType = wrapper.application; includeInIndex = 0; path = "RAID Calc.app"; sourceTree = BUILT_PRODUCTS_DIR; };
		05D08AAF2ED247CB00011453 /* RAID CalcTests.xctest */ = {isa = PBXFileReference; explicitFileType = wrapper.cfbundle; includeInIndex = 0; path = "RAID CalcTests.xctest"; sourceTree = BUILT_PRODUCTS_DIR; };
		05D08AB92ED247CB00011453 /* RAID CalcUITests.xctest */ = {isa = PBXFileReference; explicitFileType = wrapper.cfbundle; includeInIndex = 0; path = "RAID CalcUITests.xctest"; sourceTree = BUILT_PRODUCTS_DIR; };
/* End PBXFileReference section */

/* Begin PBXFileSystemSynchronizedRootGroup section */
		05D08AA12ED247C700011453 /* RaidCalculator2 */ = {
			isa = PBXFileSystemSynchronizedRootGroup;
			path = RaidCalculator2;
			sourceTree = "<group>";
		};
		05D08AB22ED247CB00011453 /* RaidCalculator2Tests */ = {
			isa = PBXFileSystemSynchronizedRootGroup;
			path = RaidCalculator2Tests;
			sourceTree = "<group>";
		};
		05D08ABC2ED247CB00011453 /* RaidCalculator2UITests */ = {
			isa = PBXFileSystemSynchronizedRootGroup;
			path = RaidCalculator2UITests;
			sourceTree = "<group>";
		};
/* End PBXFileSystemSynchronizedRootGroup section */

/* Begin PBXFrameworksBuildPhase section */
		05D08A9C2ED247C700011453 /* Frameworks */ = {
			isa = PBXFrameworksBuildPhase;
			buildActionMask = 2147483647;
			files = (
			);
			runOnlyForDeploymentPostprocessing = 0;
		};
		05D08AAC2ED247CB00011453 /* Frameworks */ = {
			isa = PBXFrameworksBuildPhase;
			buildActionMask = 2147483647;
			files = (
			);
			runOnlyForDeploymentPostprocessing = 0;
		};
		05D08AB62ED247CB00011453 /* Frameworks */ = {
			isa = PBXFrameworksBuildPhase;
			buildActionMask = 2147483647;
			files = (
			);
			runOnlyForDeploymentPostprocessing = 0;
		};
/* End PBXFrameworksBuildPhase section */

/* Begin PBXGroup section */
		05D08A962ED247C700011453 = {
			isa = PBXGroup;
			children = (
				05D08AA12ED247C700011453 /* RaidCalculator2 */,
				05D08AB22ED247CB00011453 /* RaidCalculator2Tests */,
				05D08ABC2ED247CB00011453 /* RaidCalculator2UITests */,
				05D08AA02ED247C700011453 /* Products */,
			);
			sourceTree = "<group>";
		};
		05D08AA02ED247C700011453 /* Products */ = {
			isa = PBXGroup;
			children = (
				05D08A9F2ED247C700011453 /* RAID Calc.app */,
				05D08AAF2ED247CB00011453 /* RAID CalcTests.xctest */,
				05D08AB92ED247CB00011453 /* RAID CalcUITests.xctest */,
			);
			name = Products;
			sourceTree = "<group>";
		};
/* End PBXGroup section */

/* Begin PBXNativeTarget section */
		05D08A9E2ED247C700011453 /* RAID Calc */ = {
			isa = PBXNativeTarget;
			buildConfigurationList = 05D08AC32ED247CB00011453 /* Build configuration list for PBXNativeTarget "RAID Calc" */;
			buildPhases = (
				05D08A9B2ED247C700011453 /* Sources */,
				05D08A9C2ED247C700011453 /* Frameworks */,
				05D08A9D2ED247C700011453 /* Resources */,
			);
			buildRules = (
			);
			dependencies = (
			);
			fileSystemSynchronizedGroups = (
				05D08AA12ED247C700011453 /* RaidCalculator2 */,
			);
			name = "RAID Calc";
			packageProductDependencies = (
			);
			productName = RaidCalculator2;
			productReference = 05D08A9F2ED247C700011453 /* RAID Calc.app */;
			productType = "com.apple.product-type.application";
		};
		05D08AAE2ED247CB00011453 /* RAID CalcTests */ = {
			isa = PBXNativeTarget;
			buildConfigurationList = 05D08AC62ED247CB00011453 /* Build configuration list for PBXNativeTarget "RAID CalcTests" */;
			buildPhases = (
				05D08AAB2ED247CB00011453 /* Sources */,
				05D08AAC2ED247CB00011453 /* Frameworks */,
				05D08AAD2ED247CB00011453 /* Resources */,
			);
			buildRules = (
			);
			dependencies = (
				05D08AB12ED247CB00011453 /* PBXTargetDependency */,
			);
			fileSystemSynchronizedGroups = (
				05D08AB22ED247CB00011453 /* RaidCalculator2Tests */,
			);
			name = "RAID CalcTests";
			packageProductDependencies = (
			);
			productName = RaidCalculator2Tests;
			productReference = 05D08AAF2ED247CB00011453 /* RAID CalcTests.xctest */;
			productType = "com.apple.product-type.bundle.unit-test";
		};
		05D08AB82ED247CB00011453 /* RAID CalcUITests */ = {
			isa = PBXNativeTarget;
			buildConfigurationList = 05D08AC92ED247CB00011453 /* Build configuration list for PBXNativeTarget "RAID CalcUITests" */;
			buildPhases = (
				05D08AB52ED247CB00011453 /* Sources */,
				05D08AB62ED247CB00011453 /* Frameworks */,
				05D08AB72ED247CB00011453 /* Resources */,
			);
			buildRules = (
			);
			dependencies = (
				05D08ABB2ED247CB00011453 /* PBXTargetDependency */,
			);
			fileSystemSynchronizedGroups = (
				05D08ABC2ED247CB00011453 /* RaidCalculator2UITests */,
			);
			name = "RAID CalcUITests";
			packageProductDependencies = (
			);
			productName = RaidCalculator2UITests;
			productReference = 05D08AB92ED247CB00011453 /* RAID CalcUITests.xctest */;
			productType = "com.apple.product-type.bundle.ui-testing";
		};
/* End PBXNativeTarget section */

/* Begin PBXProject section */
		05D08A972ED247C700011453 /* Project object */ = {
			isa = PBXProject;
			attributes = {
				BuildIndependentTargetsInParallel = 1;
				LastSwiftUpdateCheck = 1620;
				LastUpgradeCheck = 1620;
				ORGANIZATIONNAME = com.mrballistic;
				TargetAttributes = {
					05D08A9E2ED247C700011453 = {
						CreatedOnToolsVersion = 16.2;
					};
					05D08AAE2ED247CB00011453 = {
						CreatedOnToolsVersion = 16.2;
						TestTargetID = 05D08A9E2ED247C700011453;
					};
					05D08AB82ED247CB00011453 = {
						CreatedOnToolsVersion = 16.2;
						TestTargetID = 05D08A9E2ED247C700011453;
					};
				};
			};
			buildConfigurationList = 05D08A9A2ED247C700011453 /* Build configuration list for PBXProject "RAID Calc" */;
			developmentRegion = en;
			hasScannedForEncodings = 0;
			knownRegions = (
				en,
				Base,
				it,
				es,
				fr,
				ja,
			);
			mainGroup = 05D08A962ED247C700011453;
			minimizedProjectReferenceProxies = 1;
			preferredProjectObjectVersion = 77;
			productRefGroup = 05D08AA02ED247C700011453 /* Products */;
			projectDirPath = "";
			projectRoot = "";
			targets = (
				05D08A9E2ED247C700011453 /* RAID Calc */,
				05D08AAE2ED247CB00011453 /* RAID CalcTests */,
				05D08AB82ED247CB00011453 /* RAID CalcUITests */,
			);
		};
/* End PBXProject section */

/* Begin PBXResourcesBuildPhase section */
		05D08A9D2ED247C700011453 /* Resources */ = {
			isa = PBXResourcesBuildPhase;
			buildActionMask = 2147483647;
			files = (
			);
			runOnlyForDeploymentPostprocessing = 0;
		};
		05D08AAD2ED247CB00011453 /* Resources */ = {
			isa = PBXResourcesBuildPhase;
			buildActionMask = 2147483647;
			files = (
			);
			runOnlyForDeploymentPostprocessing = 0;
		};
		05D08AB72ED247CB00011453 /* Resources */ = {
			isa = PBXResourcesBuildPhase;
			buildActionMask = 2147483647;
			files = (
			);
			runOnlyForDeploymentPostprocessing = 0;
		};
/* End PBXResourcesBuildPhase section */

/* Begin PBXSourcesBuildPhase section */
		05D08A9B2ED247C700011453 /* Sources */ = {
			isa = PBXSourcesBuildPhase;
			buildActionMask = 2147483647;
			files = (
			);
			runOnlyForDeploymentPostprocessing = 0;
		};
		05D08AAB2ED247CB00011453 /* Sources */ = {
			isa = PBXSourcesBuildPhase;
			buildActionMask = 2147483647;
			files = (
			);
			runOnlyForDeploymentPostprocessing = 0;
		};
		05D08AB52ED247CB00011453 /* Sources */ = {
			isa = PBXSourcesBuildPhase;
			buildActionMask = 2147483647;
			files = (
			);
			runOnlyForDeploymentPostprocessing = 0;
		};
/* End PBXSourcesBuildPhase section */

/* Begin PBXTargetDependency section */
		05D08AB12ED247CB00011453 /* PBXTargetDependency */ = {
			isa = PBXTargetDependency;
			target = 05D08A9E2ED247C700011453 /* RAID Calc */;
			targetProxy = 05D08AB02ED247CB00011453 /* PBXContainerItemProxy */;
		};
		05D08ABB2ED247CB00011453 /* PBXTargetDependency */ = {
			isa = PBXTargetDependency;
			target = 05D08A9E2ED247C700011453 /* RAID Calc */;
			targetProxy = 05D08ABA2ED247CB00011453 /* PBXContainerItemProxy */;
		};
/* End PBXTargetDependency section */

/* Begin XCBuildConfiguration section */
		05D08AC12ED247CB00011453 /* Debug */ = {
			isa = XCBuildConfiguration;
			buildSettings = {
				ALWAYS_SEARCH_USER_PATHS = NO;
				ASSETCATALOG_COMPILER_GENERATE_SWIFT_ASSET_SYMBOL_EXTENSIONS = YES;
				CLANG_ANALYZER_NONNULL = YES;
				CLANG_ANALYZER_NUMBER_OBJECT_CONVERSION = YES_AGGRESSIVE;
				CLANG_CXX_LANGUAGE_STANDARD = "gnu++20";
				CLANG_ENABLE_MODULES = YES;
				CLANG_ENABLE_OBJC_ARC = YES;
				CLANG_ENABLE_OBJC_WEAK = YES;
				CLANG_WARN_BLOCK_CAPTURE_AUTORELEASING = YES;
				CLANG_WARN_BOOL_CONVERSION = YES;
				CLANG_WARN_COMMA = YES;
				CLANG_WARN_CONSTANT_CONVERSION = YES;
				CLANG_WARN_DEPRECATED_OBJC_IMPLEMENTATIONS = YES;
				CLANG_WARN_DIRECT_OBJC_ISA_USAGE = YES_ERROR;
				CLANG_WARN_DOCUMENTATION_COMMENTS = YES;
				CLANG_WARN_EMPTY_BODY = YES;
				CLANG_WARN_ENUM_CONVERSION = YES;
				CLANG_WARN_INFINITE_RECURSION = YES;
				CLANG_WARN_INT_CONVERSION = YES;
				CLANG_WARN_NON_LITERAL_NULL_CONVERSION = YES;
				CLANG_WARN_OBJC_IMPLICIT_RETAIN_SELF = YES;
				CLANG_WARN_OBJC_LITERAL_CONVERSION = YES;
				CLANG_WARN_OBJC_ROOT_CLASS = YES_ERROR;
				CLANG_WARN_QUOTED_INCLUDE_IN_FRAMEWORK_HEADER = YES;
				CLANG_WARN_RANGE_LOOP_ANALYSIS = YES;
				CLANG_WARN_STRICT_PROTOTYPES = YES;
				CLANG_WARN_SUSPICIOUS_MOVE = YES;
				CLANG_WARN_UNGUARDED_AVAILABILITY = YES_AGGRESSIVE;
				CLANG_WARN_UNREACHABLE_CODE = YES;
				CLANG_WARN__DUPLICATE_METHOD_MATCH = YES;
				COPY_PHASE_STRIP = NO;
				DEBUG_INFORMATION_FORMAT = dwarf;
				ENABLE_STRICT_OBJC_MSGSEND = YES;
				ENABLE_TESTABILITY = YES;
				ENABLE_USER_SCRIPT_SANDBOXING = YES;
				GCC_C_LANGUAGE_STANDARD = gnu17;
				GCC_DYNAMIC_NO_PIC = NO;
				GCC_NO_COMMON_BLOCKS = YES;
				GCC_OPTIMIZATION_LEVEL = 0;
				GCC_PREPROCESSOR_DEFINITIONS = (
					"DEBUG=1",
					"$(inherited)",
				);
				GCC_WARN_64_TO_32_BIT_CONVERSION = YES;
				GCC_WARN_ABOUT_RETURN_TYPE = YES_ERROR;
				GCC_WARN_UNDECLARED_SELECTOR = YES;
				GCC_WARN_UNINITIALIZED_AUTOS = YES_AGGRESSIVE;
				GCC_WARN_UNUSED_FUNCTION = YES;
				GCC_WARN_UNUSED_VARIABLE = YES;
				IPHONEOS_DEPLOYMENT_TARGET = 18.2;
				LOCALIZATION_PREFERS_STRING_CATALOGS = YES;
				MTL_ENABLE_DEBUG_INFO = INCLUDE_SOURCE;
				MTL_FAST_MATH = YES;
				ONLY_ACTIVE_ARCH = YES;
				SDKROOT = iphoneos;
				SWIFT_ACTIVE_COMPILATION_CONDITIONS = "DEBUG $(inherited)";
				SWIFT_OPTIMIZATION_LEVEL = "-Onone";
			};
			name = Debug;
		};
		05D08AC22ED247CB00011453 /* Release */ = {
			isa = XCBuildConfiguration;
			buildSettings = {
				ALWAYS_SEARCH_USER_PATHS = NO;
				ASSETCATALOG_COMPILER_GENERATE_SWIFT_ASSET_SYMBOL_EXTENSIONS = YES;
				CLANG_ANALYZER_NONNULL = YES;
				CLANG_ANALYZER_NUMBER_OBJECT_CONVERSION = YES_AGGRESSIVE;
				CLANG_CXX_LANGUAGE_STANDARD = "gnu++20";
				CLANG_ENABLE_MODULES = YES;
				CLANG_ENABLE_OBJC_ARC = YES;
				CLANG_ENABLE_OBJC_WEAK = YES;
				CLANG_WARN_BLOCK_CAPTURE_AUTORELEASING = YES;
				CLANG_WARN_BOOL_CONVERSION = YES;
				CLANG_WARN_COMMA = YES;
				CLANG_WARN_CONSTANT_CONVERSION = YES;
				CLANG_WARN_DEPRECATED_OBJC_IMPLEMENTATIONS = YES;
				CLANG_WARN_DIRECT_OBJC_ISA_USAGE = YES_ERROR;
				CLANG_WARN_DOCUMENTATION_COMMENTS = YES;
				CLANG_WARN_EMPTY_BODY = YES;
				CLANG_WARN_ENUM_CONVERSION = YES;
				CLANG_WARN_INFINITE_RECURSION = YES;
				CLANG_WARN_INT_CONVERSION = YES;
				CLANG_WARN_NON_LITERAL_NULL_CONVERSION = YES;
				CLANG_WARN_OBJC_IMPLICIT_RETAIN_SELF = YES;
				CLANG_WARN_OBJC_LITERAL_CONVERSION = YES;
				CLANG_WARN_OBJC_ROOT_CLASS = YES_ERROR;
				CLANG_WARN_QUOTED_INCLUDE_IN_FRAMEWORK_HEADER = YES;
				CLANG_WARN_RANGE_LOOP_ANALYSIS = YES;
				CLANG_WARN_STRICT_PROTOTYPES = YES;
				CLANG_WARN_SUSPICIOUS_MOVE = YES;
				CLANG_WARN_UNGUARDED_AVAILABILITY = YES_AGGRESSIVE;
				CLANG_WARN_UNREACHABLE_CODE = YES;
				CLANG_WARN__DUPLICATE_METHOD_MATCH = YES;
				COPY_PHASE_STRIP = NO;
				DEBUG_INFORMATION_FORMAT = "dwarf-with-dsym";
				ENABLE_NS_ASSERTIONS = NO;
				ENABLE_STRICT_OBJC_MSGSEND = YES;
				ENABLE_USER_SCRIPT_SANDBOXING = YES;
				GCC_C_LANGUAGE_STANDARD = gnu17;
				GCC_NO_COMMON_BLOCKS = YES;
				GCC_WARN_64_TO_32_BIT_CONVERSION = YES;
				GCC_WARN_ABOUT_RETURN_TYPE = YES_ERROR;
				GCC_WARN_UNDECLARED_SELECTOR = YES;
				GCC_WARN_UNINITIALIZED_AUTOS = YES_AGGRESSIVE;
				GCC_WARN_UNUSED_FUNCTION = YES;
				GCC_WARN_UNUSED_VARIABLE = YES;
				IPHONEOS_DEPLOYMENT_TARGET = 18.2;
				LOCALIZATION_PREFERS_STRING_CATALOGS = YES;
				MTL_ENABLE_DEBUG_INFO = NO;
				MTL_FAST_MATH = YES;
				ONLY_ACTIVE_ARCH = YES;
				SDKROOT = iphoneos;
				SWIFT_COMPILATION_MODE = wholemodule;
				VALIDATE_PRODUCT = YES;
			};
			name = Release;
		};
		05D08AC42ED247CB00011453 /* Debug */ = {
			isa = XCBuildConfiguration;
			buildSettings = {
				ASSETCATALOG_COMPILER_APPICON_NAME = AppIcon;
				ASSETCATALOG_COMPILER_GLOBAL_ACCENT_COLOR_NAME = AccentColor;
				CODE_SIGN_STYLE = Automatic;
				CURRENT_PROJECT_VERSION = 1;
				DEVELOPMENT_ASSET_PATHS = "\"RaidCalculator2/Preview Content\"";
				DEVELOPMENT_TEAM = 89YJQ4UB7V;
				ENABLE_PREVIEWS = YES;
				GENERATE_INFOPLIST_FILE = YES;
				INFOPLIST_KEY_UIApplicationSceneManifest_Generation = YES;
				INFOPLIST_KEY_UIApplicationSupportsIndirectInputEvents = YES;
				INFOPLIST_KEY_UILaunchScreen_Generation = YES;
				INFOPLIST_KEY_UISupportedInterfaceOrientations_iPad = "UIInterfaceOrientationPortrait UIInterfaceOrientationPortraitUpsideDown UIInterfaceOrientationLandscapeLeft UIInterfaceOrientationLandscapeRight";
				INFOPLIST_KEY_UISupportedInterfaceOrientations_iPhone = "UIInterfaceOrientationPortrait UIInterfaceOrientationLandscapeLeft UIInterfaceOrientationLandscapeRight";
				LD_RUNPATH_SEARCH_PATHS = (
					"$(inherited)",
					"@executable_path/Frameworks",
				);
				MARKETING_VERSION = 1.0;
				PRODUCT_BUNDLE_IDENTIFIER = com.mrballistic.RaidCalculator2;
				PRODUCT_NAME = "$(TARGET_NAME)";
				SWIFT_EMIT_LOC_STRINGS = YES;
				SWIFT_VERSION = 5.0;
				TARGETED_DEVICE_FAMILY = "1,2";
			};
			name = Debug;
		};
		05D08AC52ED247CB00011453 /* Release */ = {
			isa = XCBuildConfiguration;
			buildSettings = {
				ASSETCATALOG_COMPILER_APPICON_NAME = AppIcon;
				ASSETCATALOG_COMPILER_GLOBAL_ACCENT_COLOR_NAME = AccentColor;
				CODE_SIGN_STYLE = Automatic;
				CURRENT_PROJECT_VERSION = 1;
				DEVELOPMENT_ASSET_PATHS = "\"RaidCalculator2/Preview Content\"";
				DEVELOPMENT_TEAM = 89YJQ4UB7V;
				ENABLE_PREVIEWS = YES;
				GENERATE_INFOPLIST_FILE = YES;
				INFOPLIST_KEY_UIApplicationSceneManifest_Generation = YES;
				INFOPLIST_KEY_UIApplicationSupportsIndirectInputEvents = YES;
				INFOPLIST_KEY_UILaunchScreen_Generation = YES;
				INFOPLIST_KEY_UISupportedInterfaceOrientations_iPad = "UIInterfaceOrientationPortrait UIInterfaceOrientationPortraitUpsideDown UIInterfaceOrientationLandscapeLeft UIInterfaceOrientationLandscapeRight";
				INFOPLIST_KEY_UISupportedInterfaceOrientations_iPhone = "UIInterfaceOrientationPortrait UIInterfaceOrientationLandscapeLeft UIInterfaceOrientationLandscapeRight";
				LD_RUNPATH_SEARCH_PATHS = (
					"$(inherited)",
					"@executable_path/Frameworks",
				);
				MARKETING_VERSION = 1.0;
				PRODUCT_BUNDLE_IDENTIFIER = com.mrballistic.RaidCalculator2;
				PRODUCT_NAME = "$(TARGET_NAME)";
				SWIFT_EMIT_LOC_STRINGS = YES;
				SWIFT_VERSION = 5.0;
				TARGETED_DEVICE_FAMILY = "1,2";
			};
			name = Release;
		};
		05D08AC72ED247CB00011453 /* Debug */ = {
			isa = XCBuildConfiguration;
			buildSettings = {
				BUNDLE_LOADER = "$(TEST_HOST)";
				CODE_SIGN_STYLE = Automatic;
				CURRENT_PROJECT_VERSION = 1;
				DEVELOPMENT_TEAM = 89YJQ4UB7V;
				GENERATE_INFOPLIST_FILE = YES;
				IPHONEOS_DEPLOYMENT_TARGET = 18.2;
				MARKETING_VERSION = 1.0;
				PRODUCT_BUNDLE_IDENTIFIER = com.mrballistic.RaidCalculator2Tests;
				PRODUCT_NAME = "$(TARGET_NAME)";
				SWIFT_EMIT_LOC_STRINGS = NO;
				SWIFT_VERSION = 5.0;
				TARGETED_DEVICE_FAMILY = "1,2";
				TEST_HOST = "$(BUILT_PRODUCTS_DIR)/RAID Calc.app/$(BUNDLE_EXECUTABLE_FOLDER_PATH)/RAID Calc";
			};
			name = Debug;
		};
		05D08AC82ED247CB00011453 /* Release */ = {
			isa = XCBuildConfiguration;
			buildSettings = {
				BUNDLE_LOADER = "$(TEST_HOST)";
				CODE_SIGN_STYLE = Automatic;
				CURRENT_PROJECT_VERSION = 1;
				DEVELOPMENT_TEAM = 89YJQ4UB7V;
				GENERATE_INFOPLIST_FILE = YES;
				IPHONEOS_DEPLOYMENT_TARGET = 18.2;
				MARKETING_VERSION = 1.0;
				PRODUCT_BUNDLE_IDENTIFIER = com.mrballistic.RaidCalculator2Tests;
				PRODUCT_NAME = "$(TARGET_NAME)";
				SWIFT_EMIT_LOC_STRINGS = NO;
				SWIFT_VERSION = 5.0;
				TARGETED_DEVICE_FAMILY = "1,2";
				TEST_HOST = "$(BUILT_PRODUCTS_DIR)/RAID Calc.app/$(BUNDLE_EXECUTABLE_FOLDER_PATH)/RAID Calc";
			};
			name = Release;
		};
		05D08ACA2ED247CB00011453 /* Debug */ = {
			isa = XCBuildConfiguration;
			buildSettings = {
				CODE_SIGN_STYLE = Automatic;
				CURRENT_PROJECT_VERSION = 1;
				DEVELOPMENT_TEAM = 89YJQ4UB7V;
				GENERATE_INFOPLIST_FILE = YES;
				MARKETING_VERSION = 1.0;
				PRODUCT_BUNDLE_IDENTIFIER = com.mrballistic.RaidCalculator2UITests;
				PRODUCT_NAME = "$(TARGET_NAME)";
				SWIFT_EMIT_LOC_STRINGS = NO;
				SWIFT_VERSION = 5.0;
				TARGETED_DEVICE_FAMILY = "1,2";
				TEST_TARGET_NAME = RaidCalculator2;
			};
			name = Debug;
		};
		05D08ACB2ED247CB00011453 /* Release */ = {
			isa = XCBuildConfiguration;
			buildSettings = {
				CODE_SIGN_STYLE = Automatic;
				CURRENT_PROJECT_VERSION = 1;
				DEVELOPMENT_TEAM = 89YJQ4UB7V;
				GENERATE_INFOPLIST_FILE = YES;
				MARKETING_VERSION = 1.0;
				PRODUCT_BUNDLE_IDENTIFIER = com.mrballistic.RaidCalculator2UITests;
				PRODUCT_NAME = "$(TARGET_NAME)";
				SWIFT_EMIT_LOC_STRINGS = NO;
				SWIFT_VERSION = 5.0;
				TARGETED_DEVICE_FAMILY = "1,2";
				TEST_TARGET_NAME = RaidCalculator2;
			};
			name = Release;
		};
/* End XCBuildConfiguration section */

/* Begin XCConfigurationList section */
		05D08A9A2ED247C700011453 /* Build configuration list for PBXProject "RAID Calc" */ = {
			isa = XCConfigurationList;
			buildConfigurations = (
				05D08AC12ED247CB00011453 /* Debug */,
				05D08AC22ED247CB00011453 /* Release */,
			);
			defaultConfigurationIsVisible = 0;
			defaultConfigurationName = Release;
		};
		05D08AC32ED247CB00011453 /* Build configuration list for PBXNativeTarget "RAID Calc" */ = {
			isa = XCConfigurationList;
			buildConfigurations = (
				05D08AC42ED247CB00011453 /* Debug */,
				05D08AC52ED247CB00011453 /* Release */,
			);
			defaultConfigurationIsVisible = 0;
			defaultConfigurationName = Release;
		};
		05D08AC62ED247CB00011453 /* Build configuration list for PBXNativeTarget "RAID CalcTests" */ = {
			isa = XCConfigurationList;
			buildConfigurations = (
				05D08AC72ED247CB00011453 /* Debug */,
				05D08AC82ED247CB00011453 /* Release */,
			);
			defaultConfigurationIsVisible = 0;
			defaultConfigurationName = Release;
		};
		05D08AC92ED247CB00011453 /* Build configuration list for PBXNativeTarget "RAID CalcUITests" */ = {
			isa = XCConfigurationList;
			buildConfigurations = (
				05D08ACA2ED247CB00011453 /* Debug */,
				05D08ACB2ED247CB00011453 /* Release */,
			);
			defaultConfigurationIsVisible = 0;
			defaultConfigurationName = Release;
		};
/* End XCConfigurationList section */
	};
	rootObject = 05D08A972ED247C700011453 /* Project object */;
}
